// !$*UTF8*$!
{
	archiveVersion = 1;
	classes = {
	};
	objectVersion = 56;
	objects = {

/* Begin PBXBuildFile section */
		A328343F2C1C21850038292D /* README.md in Resources */ = {isa = PBXBuildFile; fileRef = A328343E2C1C21850038292D /* README.md */; };
		A339AF642C16FB7900330CF9 /* AppDelegate.swift in Sources */ = {isa = PBXBuildFile; fileRef = A339AF632C16FB7900330CF9 /* AppDelegate.swift */; };
		A339AF6D2C16FB7A00330CF9 /* Assets.xcassets in Resources */ = {isa = PBXBuildFile; fileRef = A339AF6C2C16FB7A00330CF9 /* Assets.xcassets */; };
		A339AF702C16FB7A00330CF9 /* Base in Resources */ = {isa = PBXBuildFile; fileRef = A339AF6F2C16FB7A00330CF9 /* Base */; };
		A339AF7C2C16FC3D00330CF9 /* BaseViewController.swift in Sources */ = {isa = PBXBuildFile; fileRef = A339AF7B2C16FC3D00330CF9 /* BaseViewController.swift */; };
		A339AF7E2C16FC9F00330CF9 /* BaseScreenView.swift in Sources */ = {isa = PBXBuildFile; fileRef = A339AF7D2C16FC9F00330CF9 /* BaseScreenView.swift */; };
		A339AF802C16FCD800330CF9 /* BaseView.swift in Sources */ = {isa = PBXBuildFile; fileRef = A339AF7F2C16FCD800330CF9 /* BaseView.swift */; };
		A339AF822C17011700330CF9 /* StackViewExampleScreen.swift in Sources */ = {isa = PBXBuildFile; fileRef = A339AF812C17011700330CF9 /* StackViewExampleScreen.swift */; };
		A339AF842C17038E00330CF9 /* UIView+Support.swift in Sources */ = {isa = PBXBuildFile; fileRef = A339AF832C17038E00330CF9 /* UIView+Support.swift */; };
		A339AF862C1705CC00330CF9 /* Applyable.swift in Sources */ = {isa = PBXBuildFile; fileRef = A339AF852C1705CC00330CF9 /* Applyable.swift */; };
		A339AF882C1710CF00330CF9 /* ConstraintsExampleScreen.swift in Sources */ = {isa = PBXBuildFile; fileRef = A339AF872C1710CF00330CF9 /* ConstraintsExampleScreen.swift */; };
		A339AF9C2C1729C200330CF9 /* FlexlayoutExampleScreen.swift in Sources */ = {isa = PBXBuildFile; fileRef = A339AF9B2C1729C200330CF9 /* FlexlayoutExampleScreen.swift */; };
		A339AF9F2C172A1A00330CF9 /* FlexLayout in Frameworks */ = {isa = PBXBuildFile; productRef = A339AF9E2C172A1A00330CF9 /* FlexLayout */; };
		A339AFA22C172D1700330CF9 /* PinLayout in Frameworks */ = {isa = PBXBuildFile; productRef = A339AFA12C172D1700330CF9 /* PinLayout */; };
/* End PBXBuildFile section */

/* Begin PBXFileReference section */
		A328343E2C1C21850038292D /* README.md */ = {isa = PBXFileReference; fileEncoding = 4; lastKnownFileType = net.daringfireball.markdown; path = README.md; sourceTree = "<group>"; };
		A339AF602C16FB7800330CF9 /* TestAutoLayout.app */ = {isa = PBXFileReference; explicitFileType = wrapper.application; includeInIndex = 0; path = TestAutoLayout.app; sourceTree = BUILT_PRODUCTS_DIR; };
		A339AF632C16FB7900330CF9 /* AppDelegate.swift */ = {isa = PBXFileReference; lastKnownFileType = sourcecode.swift; path = AppDelegate.swift; sourceTree = "<group>"; };
		A339AF6C2C16FB7A00330CF9 /* Assets.xcassets */ = {isa = PBXFileReference; lastKnownFileType = folder.assetcatalog; path = Assets.xcassets; sourceTree = "<group>"; };
		A339AF6F2C16FB7A00330CF9 /* Base */ = {isa = PBXFileReference; lastKnownFileType = file.storyboard; name = Base; path = Base.lproj/LaunchScreen.storyboard; sourceTree = "<group>"; };
		A339AF712C16FB7A00330CF9 /* Info.plist */ = {isa = PBXFileReference; lastKnownFileType = text.plist.xml; path = Info.plist; sourceTree = "<group>"; };
		A339AF7B2C16FC3D00330CF9 /* BaseViewController.swift */ = {isa = PBXFileReference; lastKnownFileType = sourcecode.swift; path = BaseViewController.swift; sourceTree = "<group>"; };
		A339AF7D2C16FC9F00330CF9 /* BaseScreenView.swift */ = {isa = PBXFileReference; lastKnownFileType = sourcecode.swift; path = BaseScreenView.swift; sourceTree = "<group>"; };
		A339AF7F2C16FCD800330CF9 /* BaseView.swift */ = {isa = PBXFileReference; lastKnownFileType = sourcecode.swift; path = BaseView.swift; sourceTree = "<group>"; };
		A339AF812C17011700330CF9 /* StackViewExampleScreen.swift */ = {isa = PBXFileReference; lastKnownFileType = sourcecode.swift; path = StackViewExampleScreen.swift; sourceTree = "<group>"; };
		A339AF832C17038E00330CF9 /* UIView+Support.swift */ = {isa = PBXFileReference; lastKnownFileType = sourcecode.swift; path = "UIView+Support.swift"; sourceTree = "<group>"; };
		A339AF852C1705CC00330CF9 /* Applyable.swift */ = {isa = PBXFileReference; lastKnownFileType = sourcecode.swift; path = Applyable.swift; sourceTree = "<group>"; };
		A339AF872C1710CF00330CF9 /* ConstraintsExampleScreen.swift */ = {isa = PBXFileReference; lastKnownFileType = sourcecode.swift; path = ConstraintsExampleScreen.swift; sourceTree = "<group>"; };
		A339AF9B2C1729C200330CF9 /* FlexlayoutExampleScreen.swift */ = {isa = PBXFileReference; lastKnownFileType = sourcecode.swift; path = FlexlayoutExampleScreen.swift; sourceTree = "<group>"; };
/* End PBXFileReference section */

/* Begin PBXFrameworksBuildPhase section */
		A339AF5D2C16FB7800330CF9 /* Frameworks */ = {
			isa = PBXFrameworksBuildPhase;
			buildActionMask = 2147483647;
			files = (
				A339AFA22C172D1700330CF9 /* PinLayout in Frameworks */,
				A339AF9F2C172A1A00330CF9 /* FlexLayout in Frameworks */,
			);
			runOnlyForDeploymentPostprocessing = 0;
		};
/* End PBXFrameworksBuildPhase section */

/* Begin PBXGroup section */
		A339AF572C16FB7800330CF9 = {
			isa = PBXGroup;
			children = (
				A328343E2C1C21850038292D /* README.md */,
				A339AF622C16FB7800330CF9 /* TestAutoLayout */,
				A339AF612C16FB7800330CF9 /* Products */,
			);
			sourceTree = "<group>";
		};
		A339AF612C16FB7800330CF9 /* Products */ = {
			isa = PBXGroup;
			children = (
				A339AF602C16FB7800330CF9 /* TestAutoLayout.app */,
			);
			name = Products;
			sourceTree = "<group>";
		};
		A339AF622C16FB7800330CF9 /* TestAutoLayout */ = {
			isa = PBXGroup;
			children = (
				A339AF632C16FB7900330CF9 /* AppDelegate.swift */,
				A339AF812C17011700330CF9 /* StackViewExampleScreen.swift */,
				A339AF872C1710CF00330CF9 /* ConstraintsExampleScreen.swift */,
				A339AF9B2C1729C200330CF9 /* FlexlayoutExampleScreen.swift */,
				A339AF7A2C16FC3000330CF9 /* Base */,
				A339AF772C16FBBF00330CF9 /* Supporting Files */,
			);
			path = TestAutoLayout;
			sourceTree = "<group>";
		};
		A339AF772C16FBBF00330CF9 /* Supporting Files */ = {
			isa = PBXGroup;
			children = (
				A339AF6C2C16FB7A00330CF9 /* Assets.xcassets */,
				A339AF6E2C16FB7A00330CF9 /* LaunchScreen.storyboard */,
				A339AF712C16FB7A00330CF9 /* Info.plist */,
				A339AF832C17038E00330CF9 /* UIView+Support.swift */,
				A339AF852C1705CC00330CF9 /* Applyable.swift */,
			);
			name = "Supporting Files";
			sourceTree = "<group>";
		};
		A339AF7A2C16FC3000330CF9 /* Base */ = {
			isa = PBXGroup;
			children = (
				A339AF7B2C16FC3D00330CF9 /* BaseViewController.swift */,
				A339AF7D2C16FC9F00330CF9 /* BaseScreenView.swift */,
				A339AF7F2C16FCD800330CF9 /* BaseView.swift */,
			);
			path = Base;
			sourceTree = "<group>";
		};
/* End PBXGroup section */

/* Begin PBXNativeTarget section */
		A339AF5F2C16FB7800330CF9 /* TestAutoLayout */ = {
			isa = PBXNativeTarget;
			buildConfigurationList = A339AF742C16FB7A00330CF9 /* Build configuration list for PBXNativeTarget "TestAutoLayout" */;
			buildPhases = (
				A339AF5C2C16FB7800330CF9 /* Sources */,
				A339AF5D2C16FB7800330CF9 /* Frameworks */,
				A339AF5E2C16FB7800330CF9 /* Resources */,
			);
			buildRules = (
			);
			dependencies = (
			);
			name = TestAutoLayout;
			packageProductDependencies = (
				A339AF9E2C172A1A00330CF9 /* FlexLayout */,
				A339AFA12C172D1700330CF9 /* PinLayout */,
			);
			productName = TestAutoLayout;
			productReference = A339AF602C16FB7800330CF9 /* TestAutoLayout.app */;
			productType = "com.apple.product-type.application";
		};
/* End PBXNativeTarget section */

/* Begin PBXProject section */
		A339AF582C16FB7800330CF9 /* Project object */ = {
			isa = PBXProject;
			attributes = {
				BuildIndependentTargetsInParallel = 1;
				LastSwiftUpdateCheck = 1540;
				LastUpgradeCheck = 1540;
				TargetAttributes = {
					A339AF5F2C16FB7800330CF9 = {
						CreatedOnToolsVersion = 15.4;
					};
				};
			};
			buildConfigurationList = A339AF5B2C16FB7800330CF9 /* Build configuration list for PBXProject "TestAutoLayout" */;
			compatibilityVersion = "Xcode 14.0";
			developmentRegion = en;
			hasScannedForEncodings = 0;
			knownRegions = (
				en,
				Base,
			);
			mainGroup = A339AF572C16FB7800330CF9;
			packageReferences = (
				A339AF9D2C172A1A00330CF9 /* XCRemoteSwiftPackageReference "FlexLayout" */,
				A339AFA02C172D1700330CF9 /* XCRemoteSwiftPackageReference "PinLayout" */,
			);
			productRefGroup = A339AF612C16FB7800330CF9 /* Products */;
			projectDirPath = "";
			projectRoot = "";
			targets = (
				A339AF5F2C16FB7800330CF9 /* TestAutoLayout */,
			);
		};
/* End PBXProject section */

/* Begin PBXResourcesBuildPhase section */
		A339AF5E2C16FB7800330CF9 /* Resources */ = {
			isa = PBXResourcesBuildPhase;
			buildActionMask = 2147483647;
			files = (
				A328343F2C1C21850038292D /* README.md in Resources */,
				A339AF6D2C16FB7A00330CF9 /* Assets.xcassets in Resources */,
				A339AF702C16FB7A00330CF9 /* Base in Resources */,
			);
			runOnlyForDeploymentPostprocessing = 0;
		};
/* End PBXResourcesBuildPhase section */

/* Begin PBXSourcesBuildPhase section */
		A339AF5C2C16FB7800330CF9 /* Sources */ = {
			isa = PBXSourcesBuildPhase;
			buildActionMask = 2147483647;
			files = (
				A339AF822C17011700330CF9 /* StackViewExampleScreen.swift in Sources */,
				A339AF642C16FB7900330CF9 /* AppDelegate.swift in Sources */,
				A339AF9C2C1729C200330CF9 /* FlexlayoutExampleScreen.swift in Sources */,
				A339AF7E2C16FC9F00330CF9 /* BaseScreenView.swift in Sources */,
				A339AF802C16FCD800330CF9 /* BaseView.swift in Sources */,
				A339AF862C1705CC00330CF9 /* Applyable.swift in Sources */,
				A339AF842C17038E00330CF9 /* UIView+Support.swift in Sources */,
				A339AF7C2C16FC3D00330CF9 /* BaseViewController.swift in Sources */,
				A339AF882C1710CF00330CF9 /* ConstraintsExampleScreen.swift in Sources */,
			);
			runOnlyForDeploymentPostprocessing = 0;
		};
/* End PBXSourcesBuildPhase section */

/* Begin PBXVariantGroup section */
		A339AF6E2C16FB7A00330CF9 /* LaunchScreen.storyboard */ = {
			isa = PBXVariantGroup;
			children = (
				A339AF6F2C16FB7A00330CF9 /* Base */,
			);
			name = LaunchScreen.storyboard;
			sourceTree = "<group>";
		};
/* End PBXVariantGroup section */

/* Begin XCBuildConfiguration section */
		A339AF722C16FB7A00330CF9 /* Debug */ = {
			isa = XCBuildConfiguration;
			buildSettings = {
				ALWAYS_SEARCH_USER_PATHS = NO;
				ASSETCATALOG_COMPILER_GENERATE_SWIFT_ASSET_SYMBOL_EXTENSIONS = YES;
				CLANG_ANALYZER_NONNULL = YES;
				CLANG_ANALYZER_NUMBER_OBJECT_CONVERSION = YES_AGGRESSIVE;
				CLANG_CXX_LANGUAGE_STANDARD = "gnu++20";
				CLANG_ENABLE_MODULES = YES;
				CLANG_ENABLE_OBJC_ARC = YES;
				CLANG_ENABLE_OBJC_WEAK = YES;
				CLANG_WARN_BLOCK_CAPTURE_AUTORELEASING = YES;
				CLANG_WARN_BOOL_CONVERSION = YES;
				CLANG_WARN_COMMA = YES;
				CLANG_WARN_CONSTANT_CONVERSION = YES;
				CLANG_WARN_DEPRECATED_OBJC_IMPLEMENTATIONS = YES;
				CLANG_WARN_DIRECT_OBJC_ISA_USAGE = YES_ERROR;
				CLANG_WARN_DOCUMENTATION_COMMENTS = YES;
				CLANG_WARN_EMPTY_BODY = YES;
				CLANG_WARN_ENUM_CONVERSION = YES;
				CLANG_WARN_INFINITE_RECURSION = YES;
				CLANG_WARN_INT_CONVERSION = YES;
				CLANG_WARN_NON_LITERAL_NULL_CONVERSION = YES;
				CLANG_WARN_OBJC_IMPLICIT_RETAIN_SELF = YES;
				CLANG_WARN_OBJC_LITERAL_CONVERSION = YES;
				CLANG_WARN_OBJC_ROOT_CLASS = YES_ERROR;
				CLANG_WARN_QUOTED_INCLUDE_IN_FRAMEWORK_HEADER = YES;
				CLANG_WARN_RANGE_LOOP_ANALYSIS = YES;
				CLANG_WARN_STRICT_PROTOTYPES = YES;
				CLANG_WARN_SUSPICIOUS_MOVE = YES;
				CLANG_WARN_UNGUARDED_AVAILABILITY = YES_AGGRESSIVE;
				CLANG_WARN_UNREACHABLE_CODE = YES;
				CLANG_WARN__DUPLICATE_METHOD_MATCH = YES;
				COPY_PHASE_STRIP = NO;
				DEBUG_INFORMATION_FORMAT = dwarf;
				ENABLE_STRICT_OBJC_MSGSEND = YES;
				ENABLE_TESTABILITY = YES;
				ENABLE_USER_SCRIPT_SANDBOXING = YES;
				GCC_C_LANGUAGE_STANDARD = gnu17;
				GCC_DYNAMIC_NO_PIC = NO;
				GCC_NO_COMMON_BLOCKS = YES;
				GCC_OPTIMIZATION_LEVEL = 0;
				GCC_PREPROCESSOR_DEFINITIONS = (
					"DEBUG=1",
					"$(inherited)",
				);
				GCC_WARN_64_TO_32_BIT_CONVERSION = YES;
				GCC_WARN_ABOUT_RETURN_TYPE = YES_ERROR;
				GCC_WARN_UNDECLARED_SELECTOR = YES;
				GCC_WARN_UNINITIALIZED_AUTOS = YES_AGGRESSIVE;
				GCC_WARN_UNUSED_FUNCTION = YES;
				GCC_WARN_UNUSED_VARIABLE = YES;
				IPHONEOS_DEPLOYMENT_TARGET = 17.5;
				LOCALIZATION_PREFERS_STRING_CATALOGS = YES;
				MTL_ENABLE_DEBUG_INFO = INCLUDE_SOURCE;
				MTL_FAST_MATH = YES;
				ONLY_ACTIVE_ARCH = YES;
				SDKROOT = iphoneos;
				SWIFT_ACTIVE_COMPILATION_CONDITIONS = "DEBUG $(inherited)";
				SWIFT_OPTIMIZATION_LEVEL = "-Onone";
			};
			name = Debug;
		};
		A339AF732C16FB7A00330CF9 /* Release */ = {
			isa = XCBuildConfiguration;
			buildSettings = {
				ALWAYS_SEARCH_USER_PATHS = NO;
				ASSETCATALOG_COMPILER_GENERATE_SWIFT_ASSET_SYMBOL_EXTENSIONS = YES;
				CLANG_ANALYZER_NONNULL = YES;
				CLANG_ANALYZER_NUMBER_OBJECT_CONVERSION = YES_AGGRESSIVE;
				CLANG_CXX_LANGUAGE_STANDARD = "gnu++20";
				CLANG_ENABLE_MODULES = YES;
				CLANG_ENABLE_OBJC_ARC = YES;
				CLANG_ENABLE_OBJC_WEAK = YES;
				CLANG_WARN_BLOCK_CAPTURE_AUTORELEASING = YES;
				CLANG_WARN_BOOL_CONVERSION = YES;
				CLANG_WARN_COMMA = YES;
				CLANG_WARN_CONSTANT_CONVERSION = YES;
				CLANG_WARN_DEPRECATED_OBJC_IMPLEMENTATIONS = YES;
				CLANG_WARN_DIRECT_OBJC_ISA_USAGE = YES_ERROR;
				CLANG_WARN_DOCUMENTATION_COMMENTS = YES;
				CLANG_WARN_EMPTY_BODY = YES;
				CLANG_WARN_ENUM_CONVERSION = YES;
				CLANG_WARN_INFINITE_RECURSION = YES;
				CLANG_WARN_INT_CONVERSION = YES;
				CLANG_WARN_NON_LITERAL_NULL_CONVERSION = YES;
				CLANG_WARN_OBJC_IMPLICIT_RETAIN_SELF = YES;
				CLANG_WARN_OBJC_LITERAL_CONVERSION = YES;
				CLANG_WARN_OBJC_ROOT_CLASS = YES_ERROR;
				CLANG_WARN_QUOTED_INCLUDE_IN_FRAMEWORK_HEADER = YES;
				CLANG_WARN_RANGE_LOOP_ANALYSIS = YES;
				CLANG_WARN_STRICT_PROTOTYPES = YES;
				CLANG_WARN_SUSPICIOUS_MOVE = YES;
				CLANG_WARN_UNGUARDED_AVAILABILITY = YES_AGGRESSIVE;
				CLANG_WARN_UNREACHABLE_CODE = YES;
				CLANG_WARN__DUPLICATE_METHOD_MATCH = YES;
				COPY_PHASE_STRIP = NO;
				DEBUG_INFORMATION_FORMAT = "dwarf-with-dsym";
				ENABLE_NS_ASSERTIONS = NO;
				ENABLE_STRICT_OBJC_MSGSEND = YES;
				ENABLE_USER_SCRIPT_SANDBOXING = YES;
				GCC_C_LANGUAGE_STANDARD = gnu17;
				GCC_NO_COMMON_BLOCKS = YES;
				GCC_WARN_64_TO_32_BIT_CONVERSION = YES;
				GCC_WARN_ABOUT_RETURN_TYPE = YES_ERROR;
				GCC_WARN_UNDECLARED_SELECTOR = YES;
				GCC_WARN_UNINITIALIZED_AUTOS = YES_AGGRESSIVE;
				GCC_WARN_UNUSED_FUNCTION = YES;
				GCC_WARN_UNUSED_VARIABLE = YES;
				IPHONEOS_DEPLOYMENT_TARGET = 17.5;
				LOCALIZATION_PREFERS_STRING_CATALOGS = YES;
				MTL_ENABLE_DEBUG_INFO = NO;
				MTL_FAST_MATH = YES;
				SDKROOT = iphoneos;
				SWIFT_COMPILATION_MODE = wholemodule;
				VALIDATE_PRODUCT = YES;
			};
			name = Release;
		};
		A339AF752C16FB7A00330CF9 /* Debug */ = {
			isa = XCBuildConfiguration;
			buildSettings = {
				ASSETCATALOG_COMPILER_APPICON_NAME = AppIcon;
				ASSETCATALOG_COMPILER_GLOBAL_ACCENT_COLOR_NAME = AccentColor;
				CODE_SIGN_STYLE = Automatic;
				CURRENT_PROJECT_VERSION = 1;
				GENERATE_INFOPLIST_FILE = YES;
				INFOPLIST_FILE = TestAutoLayout/Info.plist;
				INFOPLIST_KEY_UIApplicationSupportsIndirectInputEvents = YES;
				INFOPLIST_KEY_UILaunchStoryboardName = LaunchScreen;
				INFOPLIST_KEY_UISupportedInterfaceOrientations_iPad = "UIInterfaceOrientationPortrait UIInterfaceOrientationPortraitUpsideDown UIInterfaceOrientationLandscapeLeft UIInterfaceOrientationLandscapeRight";
				INFOPLIST_KEY_UISupportedInterfaceOrientations_iPhone = "UIInterfaceOrientationPortrait UIInterfaceOrientationLandscapeLeft UIInterfaceOrientationLandscapeRight";
				LD_RUNPATH_SEARCH_PATHS = (
					"$(inherited)",
					"@executable_path/Frameworks",
				);
				MARKETING_VERSION = 1.0;
				PRODUCT_BUNDLE_IDENTIFIER = com.vandrj.TestAutoLayout;
				PRODUCT_NAME = "$(TARGET_NAME)";
				SWIFT_EMIT_LOC_STRINGS = YES;
				SWIFT_VERSION = 5.0;
				TARGETED_DEVICE_FAMILY = "1,2";
			};
			name = Debug;
		};
		A339AF762C16FB7A00330CF9 /* Release */ = {
			isa = XCBuildConfiguration;
			buildSettings = {
				ASSETCATALOG_COMPILER_APPICON_NAME = AppIcon;
				ASSETCATALOG_COMPILER_GLOBAL_ACCENT_COLOR_NAME = AccentColor;
				CODE_SIGN_STYLE = Automatic;
				CURRENT_PROJECT_VERSION = 1;
				GENERATE_INFOPLIST_FILE = YES;
				INFOPLIST_FILE = TestAutoLayout/Info.plist;
				INFOPLIST_KEY_UIApplicationSupportsIndirectInputEvents = YES;
				INFOPLIST_KEY_UILaunchStoryboardName = LaunchScreen;
				INFOPLIST_KEY_UISupportedInterfaceOrientations_iPad = "UIInterfaceOrientationPortrait UIInterfaceOrientationPortraitUpsideDown UIInterfaceOrientationLandscapeLeft UIInterfaceOrientationLandscapeRight";
				INFOPLIST_KEY_UISupportedInterfaceOrientations_iPhone = "UIInterfaceOrientationPortrait UIInterfaceOrientationLandscapeLeft UIInterfaceOrientationLandscapeRight";
				LD_RUNPATH_SEARCH_PATHS = (
					"$(inherited)",
					"@executable_path/Frameworks",
				);
				MARKETING_VERSION = 1.0;
				PRODUCT_BUNDLE_IDENTIFIER = com.vandrj.TestAutoLayout;
				PRODUCT_NAME = "$(TARGET_NAME)";
				SWIFT_EMIT_LOC_STRINGS = YES;
				SWIFT_VERSION = 5.0;
				TARGETED_DEVICE_FAMILY = "1,2";
			};
			name = Release;
		};
/* End XCBuildConfiguration section */

/* Begin XCConfigurationList section */
		A339AF5B2C16FB7800330CF9 /* Build configuration list for PBXProject "TestAutoLayout" */ = {
			isa = XCConfigurationList;
			buildConfigurations = (
				A339AF722C16FB7A00330CF9 /* Debug */,
				A339AF732C16FB7A00330CF9 /* Release */,
			);
			defaultConfigurationIsVisible = 0;
			defaultConfigurationName = Release;
		};
		A339AF742C16FB7A00330CF9 /* Build configuration list for PBXNativeTarget "TestAutoLayout" */ = {
			isa = XCConfigurationList;
			buildConfigurations = (
				A339AF752C16FB7A00330CF9 /* Debug */,
				A339AF762C16FB7A00330CF9 /* Release */,
			);
			defaultConfigurationIsVisible = 0;
			defaultConfigurationName = Release;
		};
/* End XCConfigurationList section */

/* Begin XCRemoteSwiftPackageReference section */
		A339AF9D2C172A1A00330CF9 /* XCRemoteSwiftPackageReference "FlexLayout" */ = {
			isa = XCRemoteSwiftPackageReference;
			repositoryURL = "https://github.com/layoutBox/FlexLayout";
			requirement = {
				kind = upToNextMajorVersion;
				minimumVersion = 2.0.7;
			};
		};
		A339AFA02C172D1700330CF9 /* XCRemoteSwiftPackageReference "PinLayout" */ = {
			isa = XCRemoteSwiftPackageReference;
			repositoryURL = "https://github.com/layoutBox/PinLayout";
			requirement = {
				kind = upToNextMajorVersion;
				minimumVersion = 1.10.5;
			};
		};
/* End XCRemoteSwiftPackageReference section */

/* Begin XCSwiftPackageProductDependency section */
		A339AF9E2C172A1A00330CF9 /* FlexLayout */ = {
			isa = XCSwiftPackageProductDependency;
			package = A339AF9D2C172A1A00330CF9 /* XCRemoteSwiftPackageReference "FlexLayout" */;
			productName = FlexLayout;
		};
		A339AFA12C172D1700330CF9 /* PinLayout */ = {
			isa = XCSwiftPackageProductDependency;
			package = A339AFA02C172D1700330CF9 /* XCRemoteSwiftPackageReference "PinLayout" */;
			productName = PinLayout;
		};
/* End XCSwiftPackageProductDependency section */
	};
	rootObject = A339AF582C16FB7800330CF9 /* Project object */;
}
